// !$*UTF8*$!
{
	archiveVersion = 1;
	classes = {
	};
	objectVersion = 46;
	objects = {

/* Begin PBXBuildFile section */
		6EA49E8D1ABF459900D0BDE0 /* gardensStudent.cpp in Sources */ = {isa = PBXBuildFile; fileRef = 6EA49E8A1ABF459900D0BDE0 /* gardensStudent.cpp */; };
		6EA49E8E1ABF459900D0BDE0 /* gardensTest.cpp in Sources */ = {isa = PBXBuildFile; fileRef = 6EA49E8B1ABF459900D0BDE0 /* gardensTest.cpp */; };
		6EA49E8F1ABF459900D0BDE0 /* Makefile in Sources */ = {isa = PBXBuildFile; fileRef = 6EA49E8C1ABF459900D0BDE0 /* Makefile */; };
/* End PBXBuildFile section */

/* Begin PBXCopyFilesBuildPhase section */
		6EA49E7D1ABF456700D0BDE0 /* CopyFiles */ = {
			isa = PBXCopyFilesBuildPhase;
			buildActionMask = 2147483647;
			dstPath = /usr/share/man/man1/;
			dstSubfolderSpec = 0;
			files = (
			);
			runOnlyForDeploymentPostprocessing = 1;
		};
/* End PBXCopyFilesBuildPhase section */

/* Begin PBXFileReference section */
		6EA49E7F1ABF456700D0BDE0 /* a3 */ = {isa = PBXFileReference; explicitFileType = "compiled.mach-o.executable"; includeInIndex = 0; path = a3; sourceTree = BUILT_PRODUCTS_DIR; };
		6EA49E891ABF459900D0BDE0 /* gardens.h */ = {isa = PBXFileReference; fileEncoding = 4; lastKnownFileType = sourcecode.c.h; name = gardens.h; path = a3/gardens.h; sourceTree = "<group>"; };
		6EA49E8A1ABF459900D0BDE0 /* gardensStudent.cpp */ = {isa = PBXFileReference; fileEncoding = 4; lastKnownFileType = sourcecode.cpp.cpp; name = gardensStudent.cpp; path = a3/gardensStudent.cpp; sourceTree = "<group>"; };
		6EA49E8B1ABF459900D0BDE0 /* gardensTest.cpp */ = {isa = PBXFileReference; fileEncoding = 4; lastKnownFileType = sourcecode.cpp.cpp; name = gardensTest.cpp; path = a3/gardensTest.cpp; sourceTree = "<group>"; };
		6EA49E8C1ABF459900D0BDE0 /* Makefile */ = {isa = PBXFileReference; fileEncoding = 4; lastKnownFileType = sourcecode.make; name = Makefile; path = a3/Makefile; sourceTree = "<group>"; };
/* End PBXFileReference section */

/* Begin PBXFrameworksBuildPhase section */
		6EA49E7C1ABF456700D0BDE0 /* Frameworks */ = {
			isa = PBXFrameworksBuildPhase;
			buildActionMask = 2147483647;
			files = (
			);
			runOnlyForDeploymentPostprocessing = 0;
		};
/* End PBXFrameworksBuildPhase section */

/* Begin PBXGroup section */
		6EA49E761ABF456700D0BDE0 = {
			isa = PBXGroup;
			children = (
				6EA49E891ABF459900D0BDE0 /* gardens.h */,
				6EA49E8A1ABF459900D0BDE0 /* gardensStudent.cpp */,
				6EA49E8B1ABF459900D0BDE0 /* gardensTest.cpp */,
				6EA49E8C1ABF459900D0BDE0 /* Makefile */,
				6EA49E801ABF456700D0BDE0 /* Products */,
			);
			sourceTree = "<group>";
		};
		6EA49E801ABF456700D0BDE0 /* Products */ = {
			isa = PBXGroup;
			children = (
				6EA49E7F1ABF456700D0BDE0 /* a3 */,
			);
			name = Products;
			sourceTree = "<group>";
		};
/* End PBXGroup section */

/* Begin PBXNativeTarget section */
		6EA49E7E1ABF456700D0BDE0 /* a3 */ = {
			isa = PBXNativeTarget;
			buildConfigurationList = 6EA49E861ABF456700D0BDE0 /* Build configuration list for PBXNativeTarget "a3" */;
			buildPhases = (
				6EA49E7B1ABF456700D0BDE0 /* Sources */,
				6EA49E7C1ABF456700D0BDE0 /* Frameworks */,
				6EA49E7D1ABF456700D0BDE0 /* CopyFiles */,
			);
			buildRules = (
			);
			dependencies = (
			);
			name = a3;
			productName = a3;
			productReference = 6EA49E7F1ABF456700D0BDE0 /* a3 */;
			productType = "com.apple.product-type.tool";
		};
/* End PBXNativeTarget section */

/* Begin PBXProject section */
		6EA49E771ABF456700D0BDE0 /* Project object */ = {
			isa = PBXProject;
			attributes = {
				LastUpgradeCheck = 0620;
				ORGANIZATIONNAME = "Jeffrey Ng";
				TargetAttributes = {
					6EA49E7E1ABF456700D0BDE0 = {
						CreatedOnToolsVersion = 6.2;
					};
				};
			};
			buildConfigurationList = 6EA49E7A1ABF456700D0BDE0 /* Build configuration list for PBXProject "a3" */;
			compatibilityVersion = "Xcode 3.2";
			developmentRegion = English;
			hasScannedForEncodings = 0;
			knownRegions = (
				en,
			);
			mainGroup = 6EA49E761ABF456700D0BDE0;
			productRefGroup = 6EA49E801ABF456700D0BDE0 /* Products */;
			projectDirPath = "";
			projectRoot = "";
			targets = (
				6EA49E7E1ABF456700D0BDE0 /* a3 */,
			);
		};
/* End PBXProject section */

/* Begin PBXSourcesBuildPhase section */
		6EA49E7B1ABF456700D0BDE0 /* Sources */ = {
			isa = PBXSourcesBuildPhase;
			buildActionMask = 2147483647;
			files = (
				6EA49E8D1ABF459900D0BDE0 /* gardensStudent.cpp in Sources */,
				6EA49E8F1ABF459900D0BDE0 /* Makefile in Sources */,
				6EA49E8E1ABF459900D0BDE0 /* gardensTest.cpp in Sources */,
			);
			runOnlyForDeploymentPostprocessing = 0;
		};
/* End PBXSourcesBuildPhase section */

/* Begin XCBuildConfiguration section */
		6EA49E841ABF456700D0BDE0 /* Debug */ = {
			isa = XCBuildConfiguration;
			buildSettings = {
				ALWAYS_SEARCH_USER_PATHS = NO;
				CLANG_CXX_LANGUAGE_STANDARD = "gnu++0x";
				CLANG_CXX_LIBRARY = "libc++";
				CLANG_ENABLE_MODULES = YES;
				CLANG_ENABLE_OBJC_ARC = YES;
				CLANG_WARN_BOOL_CONVERSION = YES;
				CLANG_WARN_CONSTANT_CONVERSION = YES;
				CLANG_WARN_DIRECT_OBJC_ISA_USAGE = YES_ERROR;
				CLANG_WARN_EMPTY_BODY = YES;
				CLANG_WARN_ENUM_CONVERSION = YES;
				CLANG_WARN_INT_CONVERSION = YES;
				CLANG_WARN_OBJC_ROOT_CLASS = YES_ERROR;
				CLANG_WARN_UNREACHABLE_CODE = YES;
				CLANG_WARN__DUPLICATE_METHOD_MATCH = YES;
				COPY_PHASE_STRIP = NO;
				ENABLE_STRICT_OBJC_MSGSEND = YES;
				GCC_C_LANGUAGE_STANDARD = gnu99;
				GCC_DYNAMIC_NO_PIC = NO;
				GCC_OPTIMIZATION_LEVEL = 0;
				GCC_PREPROCESSOR_DEFINITIONS = (
					"DEBUG=1",
					"$(inherited)",
				);
				GCC_SYMBOLS_PRIVATE_EXTERN = NO;
				GCC_WARN_64_TO_32_BIT_CONVERSION = YES;
				GCC_WARN_ABOUT_RETURN_TYPE = YES_ERROR;
				GCC_WARN_UNDECLARED_SELECTOR = YES;
				GCC_WARN_UNINITIALIZED_AUTOS = YES_AGGRESSIVE;
				GCC_WARN_UNUSED_FUNCTION = YES;
				GCC_WARN_UNUSED_VARIABLE = YES;
				MACOSX_DEPLOYMENT_TARGET = 10.10;
				MTL_ENABLE_DEBUG_INFO = YES;
				ONLY_ACTIVE_ARCH = YES;
				SDKROOT = macosx;
			};
			name = Debug;
		};
		6EA49E851ABF456700D0BDE0 /* Release */ = {
			isa = XCBuildConfiguration;
			buildSettings = {
				ALWAYS_SEARCH_USER_PATHS = NO;
				CLANG_CXX_LANGUAGE_STANDARD = "gnu++0x";
				CLANG_CXX_LIBRARY = "libc++";
				CLANG_ENABLE_MODULES = YES;
				CLANG_ENABLE_OBJC_ARC = YES;
				CLANG_WARN_BOOL_CONVERSION = YES;
				CLANG_WARN_CONSTANT_CONVERSION = YES;
				CLANG_WARN_DIRECT_OBJC_ISA_USAGE = YES_ERROR;
				CLANG_WARN_EMPTY_BODY = YES;
				CLANG_WARN_ENUM_CONVERSION = YES;
				CLANG_WARN_INT_CONVERSION = YES;
				CLANG_WARN_OBJC_ROOT_CLASS = YES_ERROR;
				CLANG_WARN_UNREACHABLE_CODE = YES;
				CLANG_WARN__DUPLICATE_METHOD_MATCH = YES;
				COPY_PHASE_STRIP = NO;
				DEBUG_INFORMATION_FORMAT = "dwarf-with-dsym";
				ENABLE_NS_ASSERTIONS = NO;
				ENABLE_STRICT_OBJC_MSGSEND = YES;
				GCC_C_LANGUAGE_STANDARD = gnu99;
				GCC_WARN_64_TO_32_BIT_CONVERSION = YES;
				GCC_WARN_ABOUT_RETURN_TYPE = YES_ERROR;
				GCC_WARN_UNDECLARED_SELECTOR = YES;
				GCC_WARN_UNINITIALIZED_AUTOS = YES_AGGRESSIVE;
				GCC_WARN_UNUSED_FUNCTION = YES;
				GCC_WARN_UNUSED_VARIABLE = YES;
				MACOSX_DEPLOYMENT_TARGET = 10.10;
				MTL_ENABLE_DEBUG_INFO = NO;
				SDKROOT = macosx;
			};
			name = Release;
		};
		6EA49E871ABF456700D0BDE0 /* Debug */ = {
			isa = XCBuildConfiguration;
			buildSettings = {
				PRODUCT_NAME = "$(TARGET_NAME)";
			};
			name = Debug;
		};
		6EA49E881ABF456700D0BDE0 /* Release */ = {
			isa = XCBuildConfiguration;
			buildSettings = {
				PRODUCT_NAME = "$(TARGET_NAME)";
			};
			name = Release;
		};
/* End XCBuildConfiguration section */

/* Begin XCConfigurationList section */
		6EA49E7A1ABF456700D0BDE0 /* Build configuration list for PBXProject "a3" */ = {
			isa = XCConfigurationList;
			buildConfigurations = (
				6EA49E841ABF456700D0BDE0 /* Debug */,
				6EA49E851ABF456700D0BDE0 /* Release */,
			);
			defaultConfigurationIsVisible = 0;
			defaultConfigurationName = Release;
		};
		6EA49E861ABF456700D0BDE0 /* Build configuration list for PBXNativeTarget "a3" */ = {
			isa = XCConfigurationList;
			buildConfigurations = (
				6EA49E871ABF456700D0BDE0 /* Debug */,
				6EA49E881ABF456700D0BDE0 /* Release */,
			);
			defaultConfigurationIsVisible = 0;
		};
/* End XCConfigurationList section */
	};
	rootObject = 6EA49E771ABF456700D0BDE0 /* Project object */;
}
